// !$*UTF8*$!
{
	archiveVersion = 1;
	classes = {
	};
	objectVersion = 56;
	objects = {

/* Begin PBXBuildFile section */
		DA2650BB2B6C0F4500545C71 /* libpng.a in Frameworks */ = {isa = PBXBuildFile; fileRef = DA2650BA2B6C0F4500545C71 /* libpng.a */; };
		DA2650C02B6D57BA00545C71 /* wave.cpp in Sources */ = {isa = PBXBuildFile; fileRef = DA2650BF2B6D57BA00545C71 /* wave.cpp */; };
		DA5E4D342B7E778F001AE0B2 /* point2i.cpp in Sources */ = {isa = PBXBuildFile; fileRef = DA5E4D322B7E778F001AE0B2 /* point2i.cpp */; };
		DAC9F9A92B98CCA3006FF6B7 /* VertexFormat.cpp in Sources */ = {isa = PBXBuildFile; fileRef = DAC9F9A82B98CCA3006FF6B7 /* VertexFormat.cpp */; };
		DAC9F9AD2B9A18E9006FF6B7 /* ValueType.cpp in Sources */ = {isa = PBXBuildFile; fileRef = DAC9F9AC2B9A18E9006FF6B7 /* ValueType.cpp */; };
		DAC9F9B02B9A8175006FF6B7 /* VertexFormats.cpp in Sources */ = {isa = PBXBuildFile; fileRef = DAC9F9AF2B9A8175006FF6B7 /* VertexFormats.cpp */; };
		DAC9F9B32B9ABE42006FF6B7 /* VertexFormatGL.cpp in Sources */ = {isa = PBXBuildFile; fileRef = DAC9F9B12B9ABE41006FF6B7 /* VertexFormatGL.cpp */; };
		DAE4E8C82B3CA83C006557CC /* main.cpp in Sources */ = {isa = PBXBuildFile; fileRef = DAE4E8C72B3CA83C006557CC /* main.cpp */; };
/* End PBXBuildFile section */

/* Begin PBXCopyFilesBuildPhase section */
		DAE4E8C22B3CA83C006557CC /* CopyFiles */ = {
			isa = PBXCopyFilesBuildPhase;
			buildActionMask = 2147483647;
			dstPath = /usr/share/man/man1/;
			dstSubfolderSpec = 0;
			files = (
			);
			runOnlyForDeploymentPostprocessing = 1;
		};
/* End PBXCopyFilesBuildPhase section */

/* Begin PBXFileReference section */
		DA2650AB2B6A8A7100545C71 /* region.h */ = {isa = PBXFileReference; lastKnownFileType = sourcecode.c.h; path = region.h; sourceTree = "<group>"; };
		DA2650AF2B6C08E000545C71 /* libpng16.a */ = {isa = PBXFileReference; lastKnownFileType = archive.ar; name = libpng16.a; path = "../libraries/libpng-1.6.42/libpng16.a"; sourceTree = "<group>"; };
		DA2650B02B6C08E100545C71 /* libpng16.dylib */ = {isa = PBXFileReference; lastKnownFileType = "compiled.mach-o.dylib"; name = libpng16.dylib; path = "../libraries/libpng-1.6.42/libpng16.dylib"; sourceTree = "<group>"; };
		DA2650B32B6C0B5200545C71 /* libpng.la */ = {isa = PBXFileReference; lastKnownFileType = text; name = libpng.la; path = "../libraries/libpng-1.6.42/libpng.la"; sourceTree = "<group>"; };
		DA2650B52B6C0B6F00545C71 /* libpng.a */ = {isa = PBXFileReference; lastKnownFileType = archive.ar; name = libpng.a; path = "../libraries/libpng-1.6.42/libpng.a"; sourceTree = "<group>"; };
		DA2650B72B6C0C5A00545C71 /* libpng.a */ = {isa = PBXFileReference; lastKnownFileType = archive.ar; name = libpng.a; path = wave/libpng.a; sourceTree = "<group>"; };
		DA2650B92B6C0CFA00545C71 /* wave.entitlements */ = {isa = PBXFileReference; lastKnownFileType = text.plist.entitlements; path = wave.entitlements; sourceTree = "<group>"; };
		DA2650BA2B6C0F4500545C71 /* libpng.a */ = {isa = PBXFileReference; lastKnownFileType = archive.ar; name = libpng.a; path = "libpng-1.6.42/libpng.a"; sourceTree = "<group>"; };
		DA2650BC2B6D405E00545C71 /* color.h */ = {isa = PBXFileReference; lastKnownFileType = sourcecode.c.h; path = color.h; sourceTree = "<group>"; };
		DA2650BE2B6D576100545C71 /* write_png.h */ = {isa = PBXFileReference; lastKnownFileType = sourcecode.c.h; path = write_png.h; sourceTree = "<group>"; };
		DA2650BF2B6D57BA00545C71 /* wave.cpp */ = {isa = PBXFileReference; fileEncoding = 4; lastKnownFileType = sourcecode.cpp.cpp; path = wave.cpp; sourceTree = "<group>"; };
		DA2650C32B70756300545C71 /* gaussian.h */ = {isa = PBXFileReference; lastKnownFileType = sourcecode.c.h; path = gaussian.h; sourceTree = "<group>"; };
		DA2650C42B717C2700545C71 /* world.h */ = {isa = PBXFileReference; lastKnownFileType = sourcecode.c.h; path = world.h; sourceTree = "<group>"; };
		DA2650DC2B73B26D00545C71 /* interpolate.h */ = {isa = PBXFileReference; lastKnownFileType = sourcecode.c.h; path = interpolate.h; sourceTree = "<group>"; };
		DA2650DD2B73E5DC00545C71 /* pow_ui.h */ = {isa = PBXFileReference; lastKnownFileType = sourcecode.c.h; path = pow_ui.h; sourceTree = "<group>"; };
		DA2650DF2B73F7D300545C71 /* f01.h */ = {isa = PBXFileReference; lastKnownFileType = sourcecode.c.h; path = f01.h; sourceTree = "<group>"; };
		DA2650E12B75D8DA00545C71 /* functors.h */ = {isa = PBXFileReference; lastKnownFileType = sourcecode.c.h; path = functors.h; sourceTree = "<group>"; };
		DA2650E32B75EE6700545C71 /* simplex.h */ = {isa = PBXFileReference; lastKnownFileType = sourcecode.c.h; path = simplex.h; sourceTree = "<group>"; };
		DA2650E42B76840600545C71 /* std_array_4.h */ = {isa = PBXFileReference; lastKnownFileType = sourcecode.c.h; path = std_array_4.h; sourceTree = "<group>"; };
		DA2650E52B76886400545C71 /* std_array_3.h */ = {isa = PBXFileReference; lastKnownFileType = sourcecode.c.h; path = std_array_3.h; sourceTree = "<group>"; };
		DA2650E62B76893200545C71 /* std_array_2.h */ = {isa = PBXFileReference; lastKnownFileType = sourcecode.c.h; path = std_array_2.h; sourceTree = "<group>"; };
		DA2650E72B768B7B00545C71 /* std_array_1.h */ = {isa = PBXFileReference; lastKnownFileType = sourcecode.c.h; path = std_array_1.h; sourceTree = "<group>"; };
		DA26512A2B78780600545C71 /* noise.h */ = {isa = PBXFileReference; lastKnownFileType = sourcecode.c.h; path = noise.h; sourceTree = "<group>"; };
		DA5E4D212B7AC8BA001AE0B2 /* std_array_5.h */ = {isa = PBXFileReference; lastKnownFileType = sourcecode.c.h; path = std_array_5.h; sourceTree = "<group>"; };
		DA5E4D222B7AC8C1001AE0B2 /* std_array_6.h */ = {isa = PBXFileReference; lastKnownFileType = sourcecode.c.h; path = std_array_6.h; sourceTree = "<group>"; };
		DA5E4D232B7AC8C6001AE0B2 /* std_array_7.h */ = {isa = PBXFileReference; lastKnownFileType = sourcecode.c.h; path = std_array_7.h; sourceTree = "<group>"; };
		DA5E4D242B7AC8CD001AE0B2 /* std_array_8.h */ = {isa = PBXFileReference; lastKnownFileType = sourcecode.c.h; path = std_array_8.h; sourceTree = "<group>"; };
		DA5E4D262B7D0235001AE0B2 /* voronoi.h */ = {isa = PBXFileReference; lastKnownFileType = sourcecode.c.h; path = voronoi.h; sourceTree = "<group>"; };
		DA5E4D272B7D0AA7001AE0B2 /* hash.h */ = {isa = PBXFileReference; lastKnownFileType = sourcecode.c.h; path = hash.h; sourceTree = "<group>"; };
		DA5E4D292B7D18A9001AE0B2 /* persistent_map.h */ = {isa = PBXFileReference; lastKnownFileType = sourcecode.c.h; path = persistent_map.h; sourceTree = "<group>"; };
		DA5E4D2A2B7E6090001AE0B2 /* renderer.h */ = {isa = PBXFileReference; lastKnownFileType = sourcecode.c.h; path = renderer.h; sourceTree = "<group>"; };
		DA5E4D2B2B7E6626001AE0B2 /* eroder.h */ = {isa = PBXFileReference; lastKnownFileType = sourcecode.c.h; path = eroder.h; sourceTree = "<group>"; };
		DA5E4D2C2B7E6C75001AE0B2 /* octave_noise.h */ = {isa = PBXFileReference; lastKnownFileType = sourcecode.c.h; path = octave_noise.h; sourceTree = "<group>"; };
		DA5E4D2D2B7E6C7C001AE0B2 /* u5.h */ = {isa = PBXFileReference; lastKnownFileType = sourcecode.c.h; path = u5.h; sourceTree = "<group>"; };
		DA5E4D302B7E71AB001AE0B2 /* core_math.h */ = {isa = PBXFileReference; lastKnownFileType = sourcecode.c.h; path = core_math.h; sourceTree = "<group>"; };
		DA5E4D312B7E778F001AE0B2 /* size2u.h */ = {isa = PBXFileReference; fileEncoding = 4; lastKnownFileType = sourcecode.c.h; path = size2u.h; sourceTree = "<group>"; };
		DA5E4D322B7E778F001AE0B2 /* point2i.cpp */ = {isa = PBXFileReference; fileEncoding = 4; lastKnownFileType = sourcecode.cpp.cpp; path = point2i.cpp; sourceTree = "<group>"; };
		DA5E4D332B7E778F001AE0B2 /* point2i.h */ = {isa = PBXFileReference; fileEncoding = 4; lastKnownFileType = sourcecode.c.h; path = point2i.h; sourceTree = "<group>"; };
		DA5E4D362B7E7918001AE0B2 /* directions.h */ = {isa = PBXFileReference; lastKnownFileType = sourcecode.c.h; path = directions.h; sourceTree = "<group>"; };
		DA5E4D3B2B7FAB8A001AE0B2 /* sdf.h */ = {isa = PBXFileReference; lastKnownFileType = sourcecode.c.h; path = sdf.h; sourceTree = "<group>"; };
		DA5E4D3C2B7FE2E0001AE0B2 /* swizzle.h */ = {isa = PBXFileReference; lastKnownFileType = sourcecode.c.h; path = swizzle.h; sourceTree = "<group>"; };
		DA5E4D3D2B7FF090001AE0B2 /* core_bits.h */ = {isa = PBXFileReference; lastKnownFileType = sourcecode.c.h; path = core_bits.h; sourceTree = "<group>"; };
		DA605FAF2B46F2D00071DA52 /* bit_array.h */ = {isa = PBXFileReference; lastKnownFileType = sourcecode.c.h; path = bit_array.h; sourceTree = "<group>"; };
		DA605FB02B46F6F50071DA52 /* bit_vector.h */ = {isa = PBXFileReference; lastKnownFileType = sourcecode.c.h; path = bit_vector.h; sourceTree = "<group>"; };
		DA605FB12B5820A20071DA52 /* rules.h */ = {isa = PBXFileReference; lastKnownFileType = sourcecode.c.h; path = rules.h; sourceTree = "<group>"; };
		DA605FB42B5A2FE50071DA52 /* patch.h */ = {isa = PBXFileReference; fileEncoding = 4; lastKnownFileType = sourcecode.c.h; path = patch.h; sourceTree = "<group>"; };
		DA605FB52B5AA9E80071DA52 /* bit_container.h */ = {isa = PBXFileReference; lastKnownFileType = sourcecode.c.h; path = bit_container.h; sourceTree = "<group>"; };
		DA605FB62B5AB0DF0071DA52 /* bit_array_core.h */ = {isa = PBXFileReference; lastKnownFileType = sourcecode.c.h; path = bit_array_core.h; sourceTree = "<group>"; };
		DA605FB72B5AB6DB0071DA52 /* bit_vector_core.h */ = {isa = PBXFileReference; lastKnownFileType = sourcecode.c.h; path = bit_vector_core.h; sourceTree = "<group>"; };
		DA605FF92B5EC8D20071DA52 /* base_grid.h */ = {isa = PBXFileReference; lastKnownFileType = sourcecode.c.h; path = base_grid.h; sourceTree = "<group>"; };
		DA605FFA2B5EC8D90071DA52 /* grid_utils.h */ = {isa = PBXFileReference; lastKnownFileType = sourcecode.c.h; path = grid_utils.h; sourceTree = "<group>"; };
		DA605FFB2B5EC8E00071DA52 /* fixed_grid.h */ = {isa = PBXFileReference; lastKnownFileType = sourcecode.c.h; path = fixed_grid.h; sourceTree = "<group>"; };
		DA605FFC2B5EC8E70071DA52 /* const_grid.h */ = {isa = PBXFileReference; lastKnownFileType = sourcecode.c.h; path = const_grid.h; sourceTree = "<group>"; };
		DA605FFD2B5ECACF0071DA52 /* bool_grid.h */ = {isa = PBXFileReference; lastKnownFileType = sourcecode.c.h; path = bool_grid.h; sourceTree = "<group>"; };
		DA605FFF2B5FEB550071DA52 /* tiles_u5.h */ = {isa = PBXFileReference; lastKnownFileType = sourcecode.c.h; path = tiles_u5.h; sourceTree = "<group>"; };
		DA6060022B6143B00071DA52 /* utils.h */ = {isa = PBXFileReference; lastKnownFileType = sourcecode.c.h; path = utils.h; sourceTree = "<group>"; };
		DA60600B2B62D3100071DA52 /* std_array_incl.h */ = {isa = PBXFileReference; lastKnownFileType = sourcecode.c.h; path = std_array_incl.h; sourceTree = "<group>"; };
		DA60600C2B62D3100071DA52 /* std_array.h */ = {isa = PBXFileReference; lastKnownFileType = sourcecode.c.h; path = std_array.h; sourceTree = "<group>"; };
		DA6060562B6935D80071DA52 /* std.h */ = {isa = PBXFileReference; lastKnownFileType = sourcecode.c.h; path = std.h; sourceTree = "<group>"; };
		DAAE3EB02B811E6500832818 /* multigradient.h */ = {isa = PBXFileReference; lastKnownFileType = sourcecode.c.h; name = multigradient.h; path = wave/math/multigradient.h; sourceTree = SOURCE_ROOT; };
		DAAE3EB12B8392F200832818 /* std_array_n.py */ = {isa = PBXFileReference; lastKnownFileType = text.script.python; path = std_array_n.py; sourceTree = "<group>"; };
		DAAE3EB22B839BF600832818 /* any_of.h */ = {isa = PBXFileReference; lastKnownFileType = sourcecode.c.h; path = any_of.h; sourceTree = "<group>"; };
		DAC9F9A82B98CCA3006FF6B7 /* VertexFormat.cpp */ = {isa = PBXFileReference; fileEncoding = 4; lastKnownFileType = sourcecode.cpp.cpp; path = VertexFormat.cpp; sourceTree = "<group>"; };
		DAC9F9AA2B98CCAF006FF6B7 /* VertexFormat.h */ = {isa = PBXFileReference; fileEncoding = 4; lastKnownFileType = sourcecode.c.h; path = VertexFormat.h; sourceTree = "<group>"; };
		DAC9F9AB2B9A18E9006FF6B7 /* ValueType.h */ = {isa = PBXFileReference; fileEncoding = 4; lastKnownFileType = sourcecode.c.h; path = ValueType.h; sourceTree = "<group>"; };
		DAC9F9AC2B9A18E9006FF6B7 /* ValueType.cpp */ = {isa = PBXFileReference; fileEncoding = 4; lastKnownFileType = sourcecode.cpp.cpp; path = ValueType.cpp; sourceTree = "<group>"; };
		DAC9F9AE2B9A4E1C006FF6B7 /* VertexFormats.h */ = {isa = PBXFileReference; lastKnownFileType = sourcecode.c.h; path = VertexFormats.h; sourceTree = "<group>"; };
		DAC9F9AF2B9A8175006FF6B7 /* VertexFormats.cpp */ = {isa = PBXFileReference; fileEncoding = 4; lastKnownFileType = sourcecode.cpp.cpp; path = VertexFormats.cpp; sourceTree = "<group>"; };
		DAC9F9B12B9ABE41006FF6B7 /* VertexFormatGL.cpp */ = {isa = PBXFileReference; fileEncoding = 4; lastKnownFileType = sourcecode.cpp.cpp; path = VertexFormatGL.cpp; sourceTree = "<group>"; };
		DAC9F9B22B9ABE41006FF6B7 /* VertexFormatGL.h */ = {isa = PBXFileReference; fileEncoding = 4; lastKnownFileType = sourcecode.c.h; path = VertexFormatGL.h; sourceTree = "<group>"; };
		DAE4E8C42B3CA83C006557CC /* wave */ = {isa = PBXFileReference; explicitFileType = "compiled.mach-o.executable"; includeInIndex = 0; path = wave; sourceTree = BUILT_PRODUCTS_DIR; };
		DAE4E8C72B3CA83C006557CC /* main.cpp */ = {isa = PBXFileReference; lastKnownFileType = sourcecode.cpp.cpp; path = main.cpp; sourceTree = "<group>"; };
		DAE4E8CE2B3CAAD6006557CC /* bits.h */ = {isa = PBXFileReference; fileEncoding = 4; lastKnownFileType = sourcecode.c.h; path = bits.h; sourceTree = "<group>"; };
		DAE4E8D02B3F5F0B006557CC /* map_data.h */ = {isa = PBXFileReference; lastKnownFileType = sourcecode.c.h; path = map_data.h; sourceTree = "<group>"; };
		DAE4E8D12B43B561006557CC /* grid.h */ = {isa = PBXFileReference; lastKnownFileType = sourcecode.c.h; path = grid.h; sourceTree = "<group>"; };
/* End PBXFileReference section */

/* Begin PBXFrameworksBuildPhase section */
		DAE4E8C12B3CA83C006557CC /* Frameworks */ = {
			isa = PBXFrameworksBuildPhase;
			buildActionMask = 2147483647;
			files = (
				DA2650BB2B6C0F4500545C71 /* libpng.a in Frameworks */,
			);
			runOnlyForDeploymentPostprocessing = 0;
		};
/* End PBXFrameworksBuildPhase section */

/* Begin PBXGroup section */
		DA2650AD2B6BE18800545C71 /* core */ = {
			isa = PBXGroup;
			children = (
				DA5E4D3D2B7FF090001AE0B2 /* core_bits.h */,
				DAE4E8CE2B3CAAD6006557CC /* bits.h */,
				DA605FB52B5AA9E80071DA52 /* bit_container.h */,
				DA605FB62B5AB0DF0071DA52 /* bit_array_core.h */,
				DA605FB72B5AB6DB0071DA52 /* bit_vector_core.h */,
				DA605FAF2B46F2D00071DA52 /* bit_array.h */,
				DA605FB02B46F6F50071DA52 /* bit_vector.h */,
				DAAE3EB22B839BF600832818 /* any_of.h */,
				DA60600C2B62D3100071DA52 /* std_array.h */,
				DA5E4D202B7A4D45001AE0B2 /* std_array */,
				DA6060562B6935D80071DA52 /* std.h */,
				DA6060022B6143B00071DA52 /* utils.h */,
				DA2650E12B75D8DA00545C71 /* functors.h */,
				DAAE3EB02B811E6500832818 /* multigradient.h */,
			);
			path = core;
			sourceTree = "<group>";
		};
		DA2650AE2B6C08E000545C71 /* Frameworks */ = {
			isa = PBXGroup;
			children = (
				DA2650B52B6C0B6F00545C71 /* libpng.a */,
				DA2650B72B6C0C5A00545C71 /* libpng.a */,
				DA2650BA2B6C0F4500545C71 /* libpng.a */,
				DA2650B32B6C0B5200545C71 /* libpng.la */,
				DA2650AF2B6C08E000545C71 /* libpng16.a */,
				DA2650B02B6C08E100545C71 /* libpng16.dylib */,
			);
			name = Frameworks;
			sourceTree = "<group>";
		};
		DA5E4D202B7A4D45001AE0B2 /* std_array */ = {
			isa = PBXGroup;
			children = (
				DA60600B2B62D3100071DA52 /* std_array_incl.h */,
				DA2650E72B768B7B00545C71 /* std_array_1.h */,
				DA2650E62B76893200545C71 /* std_array_2.h */,
				DA2650E52B76886400545C71 /* std_array_3.h */,
				DA2650E42B76840600545C71 /* std_array_4.h */,
				DA5E4D212B7AC8BA001AE0B2 /* std_array_5.h */,
				DA5E4D222B7AC8C1001AE0B2 /* std_array_6.h */,
				DA5E4D232B7AC8C6001AE0B2 /* std_array_7.h */,
				DA5E4D242B7AC8CD001AE0B2 /* std_array_8.h */,
				DAAE3EB12B8392F200832818 /* std_array_n.py */,
			);
			path = std_array;
			sourceTree = "<group>";
		};
		DA5E4D2E2B7E6FF0001AE0B2 /* u5 */ = {
			isa = PBXGroup;
			children = (
				DA605FFF2B5FEB550071DA52 /* tiles_u5.h */,
				DA5E4D2D2B7E6C7C001AE0B2 /* u5.h */,
			);
			path = u5;
			sourceTree = "<group>";
		};
		DA5E4D2F2B7E7069001AE0B2 /* noise */ = {
			isa = PBXGroup;
			children = (
				DA5E4D272B7D0AA7001AE0B2 /* hash.h */,
				DA26512A2B78780600545C71 /* noise.h */,
				DA2650E32B75EE6700545C71 /* simplex.h */,
				DA5E4D262B7D0235001AE0B2 /* voronoi.h */,
				DA5E4D2C2B7E6C75001AE0B2 /* octave_noise.h */,
				DA5E4D292B7D18A9001AE0B2 /* persistent_map.h */,
			);
			path = noise;
			sourceTree = "<group>";
		};
		DA5E4D372B7E79F5001AE0B2 /* math */ = {
			isa = PBXGroup;
			children = (
				DA5E4D302B7E71AB001AE0B2 /* core_math.h */,
				DA2650DD2B73E5DC00545C71 /* pow_ui.h */,
				DA5E4D362B7E7918001AE0B2 /* directions.h */,
				DA5E4D322B7E778F001AE0B2 /* point2i.cpp */,
				DA5E4D332B7E778F001AE0B2 /* point2i.h */,
				DA5E4D312B7E778F001AE0B2 /* size2u.h */,
				DA2650AB2B6A8A7100545C71 /* region.h */,
				DA2650DF2B73F7D300545C71 /* f01.h */,
				DA5E4D3B2B7FAB8A001AE0B2 /* sdf.h */,
				DA5E4D3C2B7FE2E0001AE0B2 /* swizzle.h */,
				DA2650DC2B73B26D00545C71 /* interpolate.h */,
			);
			path = math;
			sourceTree = "<group>";
		};
		DA5E4D382B7E7EFE001AE0B2 /* data */ = {
			isa = PBXGroup;
			children = (
				DAE4E8D02B3F5F0B006557CC /* map_data.h */,
			);
			path = data;
			sourceTree = "<group>";
		};
		DA5E4D392B7E7F86001AE0B2 /* wfc */ = {
			isa = PBXGroup;
			children = (
				DA605FB12B5820A20071DA52 /* rules.h */,
				DA605FB42B5A2FE50071DA52 /* patch.h */,
				DA2650BF2B6D57BA00545C71 /* wave.cpp */,
			);
			path = wfc;
			sourceTree = "<group>";
		};
		DA5E4D3A2B7E897F001AE0B2 /* image */ = {
			isa = PBXGroup;
			children = (
				DA2650BC2B6D405E00545C71 /* color.h */,
				DA2650BE2B6D576100545C71 /* write_png.h */,
			);
			path = image;
			sourceTree = "<group>";
		};
		DA6060012B6038BA0071DA52 /* grid */ = {
			isa = PBXGroup;
			children = (
				DAE4E8D12B43B561006557CC /* grid.h */,
				DA605FF92B5EC8D20071DA52 /* base_grid.h */,
				DA605FFA2B5EC8D90071DA52 /* grid_utils.h */,
				DA605FFC2B5EC8E70071DA52 /* const_grid.h */,
				DA605FFD2B5ECACF0071DA52 /* bool_grid.h */,
				DA605FFB2B5EC8E00071DA52 /* fixed_grid.h */,
				DA2650C32B70756300545C71 /* gaussian.h */,
			);
			path = grid;
			sourceTree = "<group>";
		};
		DAE4E8BB2B3CA83C006557CC = {
			isa = PBXGroup;
			children = (
				DAE4E8C62B3CA83C006557CC /* wave */,
				DAE4E8C52B3CA83C006557CC /* Products */,
				DA2650AE2B6C08E000545C71 /* Frameworks */,
			);
			sourceTree = "<group>";
		};
		DAE4E8C52B3CA83C006557CC /* Products */ = {
			isa = PBXGroup;
			children = (
				DAE4E8C42B3CA83C006557CC /* wave */,
			);
			name = Products;
			sourceTree = "<group>";
		};
		DAE4E8C62B3CA83C006557CC /* wave */ = {
			isa = PBXGroup;
			children = (
				DA2650B92B6C0CFA00545C71 /* wave.entitlements */,
				DA2650AD2B6BE18800545C71 /* core */,
				DA5E4D372B7E79F5001AE0B2 /* math */,
				DA5E4D3A2B7E897F001AE0B2 /* image */,
				DA5E4D2F2B7E7069001AE0B2 /* noise */,
				DA6060012B6038BA0071DA52 /* grid */,
				DA5E4D2E2B7E6FF0001AE0B2 /* u5 */,
				DA5E4D392B7E7F86001AE0B2 /* wfc */,
				DA5E4D382B7E7EFE001AE0B2 /* data */,
				DAE4E8C72B3CA83C006557CC /* main.cpp */,
				DAC9F9A82B98CCA3006FF6B7 /* VertexFormat.cpp */,
				DAC9F9AA2B98CCAF006FF6B7 /* VertexFormat.h */,
				DAC9F9B12B9ABE41006FF6B7 /* VertexFormatGL.cpp */,
				DAC9F9B22B9ABE41006FF6B7 /* VertexFormatGL.h */,
				DAC9F9AE2B9A4E1C006FF6B7 /* VertexFormats.h */,
				DAC9F9AF2B9A8175006FF6B7 /* VertexFormats.cpp */,
				DAC9F9AC2B9A18E9006FF6B7 /* ValueType.cpp */,
				DAC9F9AB2B9A18E9006FF6B7 /* ValueType.h */,
				DA2650C42B717C2700545C71 /* world.h */,
				DA5E4D2B2B7E6626001AE0B2 /* eroder.h */,
				DA5E4D2A2B7E6090001AE0B2 /* renderer.h */,
			);
			path = wave;
			sourceTree = "<group>";
		};
/* End PBXGroup section */

/* Begin PBXNativeTarget section */
		DAE4E8C32B3CA83C006557CC /* wave */ = {
			isa = PBXNativeTarget;
			buildConfigurationList = DAE4E8CB2B3CA83C006557CC /* Build configuration list for PBXNativeTarget "wave" */;
			buildPhases = (
				DAE4E8C02B3CA83C006557CC /* Sources */,
				DAE4E8C12B3CA83C006557CC /* Frameworks */,
				DAE4E8C22B3CA83C006557CC /* CopyFiles */,
			);
			buildRules = (
			);
			dependencies = (
			);
			name = wave;
			productName = wave;
			productReference = DAE4E8C42B3CA83C006557CC /* wave */;
			productType = "com.apple.product-type.tool";
		};
/* End PBXNativeTarget section */

/* Begin PBXProject section */
		DAE4E8BC2B3CA83C006557CC /* Project object */ = {
			isa = PBXProject;
			attributes = {
				BuildIndependentTargetsInParallel = 1;
				LastUpgradeCheck = 1510;
				TargetAttributes = {
					DAE4E8C32B3CA83C006557CC = {
						CreatedOnToolsVersion = 15.1;
					};
				};
			};
			buildConfigurationList = DAE4E8BF2B3CA83C006557CC /* Build configuration list for PBXProject "wave" */;
			compatibilityVersion = "Xcode 14.0";
			developmentRegion = en;
			hasScannedForEncodings = 0;
			knownRegions = (
				en,
				Base,
			);
			mainGroup = DAE4E8BB2B3CA83C006557CC;
			productRefGroup = DAE4E8C52B3CA83C006557CC /* Products */;
			projectDirPath = "";
			projectRoot = "";
			targets = (
				DAE4E8C32B3CA83C006557CC /* wave */,
			);
		};
/* End PBXProject section */

/* Begin PBXSourcesBuildPhase section */
		DAE4E8C02B3CA83C006557CC /* Sources */ = {
			isa = PBXSourcesBuildPhase;
			buildActionMask = 2147483647;
			files = (
				DAC9F9A92B98CCA3006FF6B7 /* VertexFormat.cpp in Sources */,
				DA2650C02B6D57BA00545C71 /* wave.cpp in Sources */,
				DAE4E8C82B3CA83C006557CC /* main.cpp in Sources */,
				DA5E4D342B7E778F001AE0B2 /* point2i.cpp in Sources */,
				DAC9F9B02B9A8175006FF6B7 /* VertexFormats.cpp in Sources */,
				DAC9F9B32B9ABE42006FF6B7 /* VertexFormatGL.cpp in Sources */,
				DAC9F9AD2B9A18E9006FF6B7 /* ValueType.cpp in Sources */,
			);
			runOnlyForDeploymentPostprocessing = 0;
		};
/* End PBXSourcesBuildPhase section */

/* Begin XCBuildConfiguration section */
		DAE4E8C92B3CA83C006557CC /* Debug */ = {
			isa = XCBuildConfiguration;
			buildSettings = {
				ALWAYS_SEARCH_USER_PATHS = NO;
				ASSETCATALOG_COMPILER_GENERATE_SWIFT_ASSET_SYMBOL_EXTENSIONS = YES;
				CLANG_ANALYZER_NONNULL = YES;
				CLANG_ANALYZER_NUMBER_OBJECT_CONVERSION = YES_AGGRESSIVE;
				CLANG_CXX_LANGUAGE_STANDARD = "gnu++20";
				CLANG_ENABLE_MODULES = YES;
				CLANG_ENABLE_OBJC_ARC = YES;
				CLANG_ENABLE_OBJC_WEAK = YES;
				CLANG_WARN_BLOCK_CAPTURE_AUTORELEASING = YES;
				CLANG_WARN_BOOL_CONVERSION = YES;
				CLANG_WARN_COMMA = YES;
				CLANG_WARN_CONSTANT_CONVERSION = YES;
				CLANG_WARN_DEPRECATED_OBJC_IMPLEMENTATIONS = YES;
				CLANG_WARN_DIRECT_OBJC_ISA_USAGE = YES_ERROR;
				CLANG_WARN_DOCUMENTATION_COMMENTS = YES;
				CLANG_WARN_EMPTY_BODY = YES;
				CLANG_WARN_ENUM_CONVERSION = YES;
				CLANG_WARN_INFINITE_RECURSION = YES;
				CLANG_WARN_INT_CONVERSION = YES;
				CLANG_WARN_NON_LITERAL_NULL_CONVERSION = YES;
				CLANG_WARN_OBJC_IMPLICIT_RETAIN_SELF = YES;
				CLANG_WARN_OBJC_LITERAL_CONVERSION = YES;
				CLANG_WARN_OBJC_ROOT_CLASS = YES_ERROR;
				CLANG_WARN_QUOTED_INCLUDE_IN_FRAMEWORK_HEADER = YES;
				CLANG_WARN_RANGE_LOOP_ANALYSIS = YES;
				CLANG_WARN_STRICT_PROTOTYPES = YES;
				CLANG_WARN_SUSPICIOUS_MOVE = YES;
				CLANG_WARN_UNGUARDED_AVAILABILITY = YES_AGGRESSIVE;
				CLANG_WARN_UNREACHABLE_CODE = YES;
				CLANG_WARN__DUPLICATE_METHOD_MATCH = YES;
				COPY_PHASE_STRIP = NO;
				DEBUG_INFORMATION_FORMAT = dwarf;
				ENABLE_STRICT_OBJC_MSGSEND = YES;
				ENABLE_TESTABILITY = YES;
				ENABLE_USER_SCRIPT_SANDBOXING = YES;
				GCC_C_LANGUAGE_STANDARD = gnu17;
				GCC_DYNAMIC_NO_PIC = NO;
				GCC_NO_COMMON_BLOCKS = YES;
				GCC_OPTIMIZATION_LEVEL = 0;
				GCC_PREPROCESSOR_DEFINITIONS = (
					"DEBUG=1",
					"$(inherited)",
				);
				GCC_WARN_64_TO_32_BIT_CONVERSION = YES;
				GCC_WARN_ABOUT_RETURN_TYPE = YES_ERROR;
				GCC_WARN_UNDECLARED_SELECTOR = YES;
				GCC_WARN_UNINITIALIZED_AUTOS = YES_AGGRESSIVE;
				GCC_WARN_UNUSED_FUNCTION = YES;
				GCC_WARN_UNUSED_VARIABLE = YES;
				LOCALIZATION_PREFERS_STRING_CATALOGS = YES;
				MACOSX_DEPLOYMENT_TARGET = 14.2;
				MTL_ENABLE_DEBUG_INFO = INCLUDE_SOURCE;
				MTL_FAST_MATH = YES;
				ONLY_ACTIVE_ARCH = YES;
				SDKROOT = macosx;
			};
			name = Debug;
		};
		DAE4E8CA2B3CA83C006557CC /* Release */ = {
			isa = XCBuildConfiguration;
			buildSettings = {
				ALWAYS_SEARCH_USER_PATHS = NO;
				ASSETCATALOG_COMPILER_GENERATE_SWIFT_ASSET_SYMBOL_EXTENSIONS = YES;
				CLANG_ANALYZER_NONNULL = YES;
				CLANG_ANALYZER_NUMBER_OBJECT_CONVERSION = YES_AGGRESSIVE;
				CLANG_CXX_LANGUAGE_STANDARD = "gnu++20";
				CLANG_ENABLE_MODULES = YES;
				CLANG_ENABLE_OBJC_ARC = YES;
				CLANG_ENABLE_OBJC_WEAK = YES;
				CLANG_WARN_BLOCK_CAPTURE_AUTORELEASING = YES;
				CLANG_WARN_BOOL_CONVERSION = YES;
				CLANG_WARN_COMMA = YES;
				CLANG_WARN_CONSTANT_CONVERSION = YES;
				CLANG_WARN_DEPRECATED_OBJC_IMPLEMENTATIONS = YES;
				CLANG_WARN_DIRECT_OBJC_ISA_USAGE = YES_ERROR;
				CLANG_WARN_DOCUMENTATION_COMMENTS = YES;
				CLANG_WARN_EMPTY_BODY = YES;
				CLANG_WARN_ENUM_CONVERSION = YES;
				CLANG_WARN_INFINITE_RECURSION = YES;
				CLANG_WARN_INT_CONVERSION = YES;
				CLANG_WARN_NON_LITERAL_NULL_CONVERSION = YES;
				CLANG_WARN_OBJC_IMPLICIT_RETAIN_SELF = YES;
				CLANG_WARN_OBJC_LITERAL_CONVERSION = YES;
				CLANG_WARN_OBJC_ROOT_CLASS = YES_ERROR;
				CLANG_WARN_QUOTED_INCLUDE_IN_FRAMEWORK_HEADER = YES;
				CLANG_WARN_RANGE_LOOP_ANALYSIS = YES;
				CLANG_WARN_STRICT_PROTOTYPES = YES;
				CLANG_WARN_SUSPICIOUS_MOVE = YES;
				CLANG_WARN_UNGUARDED_AVAILABILITY = YES_AGGRESSIVE;
				CLANG_WARN_UNREACHABLE_CODE = YES;
				CLANG_WARN__DUPLICATE_METHOD_MATCH = YES;
				COPY_PHASE_STRIP = NO;
				DEBUG_INFORMATION_FORMAT = "dwarf-with-dsym";
				ENABLE_NS_ASSERTIONS = NO;
				ENABLE_STRICT_OBJC_MSGSEND = YES;
				ENABLE_USER_SCRIPT_SANDBOXING = YES;
				GCC_C_LANGUAGE_STANDARD = gnu17;
				GCC_NO_COMMON_BLOCKS = YES;
				GCC_WARN_64_TO_32_BIT_CONVERSION = YES;
				GCC_WARN_ABOUT_RETURN_TYPE = YES_ERROR;
				GCC_WARN_UNDECLARED_SELECTOR = YES;
				GCC_WARN_UNINITIALIZED_AUTOS = YES_AGGRESSIVE;
				GCC_WARN_UNUSED_FUNCTION = YES;
				GCC_WARN_UNUSED_VARIABLE = YES;
				LOCALIZATION_PREFERS_STRING_CATALOGS = YES;
				MACOSX_DEPLOYMENT_TARGET = 14.2;
				MTL_ENABLE_DEBUG_INFO = NO;
				MTL_FAST_MATH = YES;
				SDKROOT = macosx;
			};
			name = Release;
		};
		DAE4E8CC2B3CA83C006557CC /* Debug */ = {
			isa = XCBuildConfiguration;
			buildSettings = {
				ARCHS = x86_64;
				CODE_SIGN_ENTITLEMENTS = wave/wave.entitlements;
				CODE_SIGN_STYLE = Automatic;
				DEVELOPMENT_TEAM = RVD7V5Y97Q;
				ENABLE_HARDENED_RUNTIME = YES;
				HEADER_SEARCH_PATHS = "$(PROJECT_DIR)/libpng-1.6.42";
				LIBRARY_SEARCH_PATHS = (
					"$(inherited)",
					"$(PROJECT_DIR)/wave",
					"$(PROJECT_DIR)/libpng-1.6.42",
				);
				PRODUCT_NAME = "$(TARGET_NAME)";
			};
			name = Debug;
		};
		DAE4E8CD2B3CA83C006557CC /* Release */ = {
			isa = XCBuildConfiguration;
			buildSettings = {
				ARCHS = x86_64;
				CODE_SIGN_ENTITLEMENTS = wave/wave.entitlements;
				CODE_SIGN_STYLE = Automatic;
				DEVELOPMENT_TEAM = RVD7V5Y97Q;
				ENABLE_HARDENED_RUNTIME = YES;
				HEADER_SEARCH_PATHS = "$(PROJECT_DIR)/libpng-1.6.42";
				LIBRARY_SEARCH_PATHS = (
					"$(inherited)",
					"$(PROJECT_DIR)/wave",
					"$(PROJECT_DIR)/libpng-1.6.42",
				);
				PRODUCT_NAME = "$(TARGET_NAME)";
			};
			name = Release;
		};
/* End XCBuildConfiguration section */

/* Begin XCConfigurationList section */
		DAE4E8BF2B3CA83C006557CC /* Build configuration list for PBXProject "wave" */ = {
			isa = XCConfigurationList;
			buildConfigurations = (
				DAE4E8C92B3CA83C006557CC /* Debug */,
				DAE4E8CA2B3CA83C006557CC /* Release */,
			);
			defaultConfigurationIsVisible = 0;
			defaultConfigurationName = Release;
		};
		DAE4E8CB2B3CA83C006557CC /* Build configuration list for PBXNativeTarget "wave" */ = {
			isa = XCConfigurationList;
			buildConfigurations = (
				DAE4E8CC2B3CA83C006557CC /* Debug */,
				DAE4E8CD2B3CA83C006557CC /* Release */,
			);
			defaultConfigurationIsVisible = 0;
			defaultConfigurationName = Release;
		};
/* End XCConfigurationList section */
	};
	rootObject = DAE4E8BC2B3CA83C006557CC /* Project object */;
}
